
Microsoft Visual Studio Solution File, Format Version 12.00
# Visual Studio Version 16
VisualStudioVersion = 16.0.30204.135
MinimumVisualStudioVersion = 10.0.40219.1
Project("{FAE04EC0-301F-11D3-BF4B-00C04F79EFBC}") = "Circle", "Circle\Circle.csproj", "{337AB43C-7C18-4AD5-B6A3-C3B2D9A7EE3C}"
EndProject
Project("{FAE04EC0-301F-11D3-BF4B-00C04F79EFBC}") = "Encoder", "Encoder\Encoder.csproj", "{364C5556-E9D5-4DF1-A502-6273595B6585}"
EndProject
Project("{FAE04EC0-301F-11D3-BF4B-00C04F79EFBC}") = "Product", "Product\Product.csproj", "{2664DB60-5B51-4949-9F38-94CD5F839AF4}"
EndProject
Project("{2150E333-8FDC-42A3-9474-1A3956D46DE8}") = "Lesson5", "Lesson5", "{7D4F6804-D820-46F2-962D-AFCC6E54DFF5}"
EndProject
Project("{2150E333-8FDC-42A3-9474-1A3956D46DE8}") = "Lesson6", "Lesson6", "{33592F0C-4AA0-4E8E-9892-17288C2A6D7F}"
EndProject
Project("{FAE04EC0-301F-11D3-BF4B-00C04F79EFBC}") = "LightColorDetector", "LightColorDetector\LightColorDetector.csproj", "{282B8B0E-6614-4ACB-9726-DCF9A7D07C4E}"
EndProject
Global
	GlobalSection(SolutionConfigurationPlatforms) = preSolution
		Debug|Any CPU = Debug|Any CPU
		Release|Any CPU = Release|Any CPU
	EndGlobalSection
	GlobalSection(ProjectConfigurationPlatforms) = postSolution
		{337AB43C-7C18-4AD5-B6A3-C3B2D9A7EE3C}.Debug|Any CPU.ActiveCfg = Debug|Any CPU
		{337AB43C-7C18-4AD5-B6A3-C3B2D9A7EE3C}.Debug|Any CPU.Build.0 = Debug|Any CPU
		{337AB43C-7C18-4AD5-B6A3-C3B2D9A7EE3C}.Release|Any CPU.ActiveCfg = Release|Any CPU
		{337AB43C-7C18-4AD5-B6A3-C3B2D9A7EE3C}.Release|Any CPU.Build.0 = Release|Any CPU
		{364C5556-E9D5-4DF1-A502-6273595B6585}.Debug|Any CPU.ActiveCfg = Debug|Any CPU
		{364C5556-E9D5-4DF1-A502-6273595B6585}.Debug|Any CPU.Build.0 = Debug|Any CPU
		{364C5556-E9D5-4DF1-A502-6273595B6585}.Release|Any CPU.ActiveCfg = Release|Any CPU
		{364C5556-E9D5-4DF1-A502-6273595B6585}.Release|Any CPU.Build.0 = Release|Any CPU
		{2664DB60-5B51-4949-9F38-94CD5F839AF4}.Debug|Any CPU.ActiveCfg = Debug|Any CPU
		{2664DB60-5B51-4949-9F38-94CD5F839AF4}.Debug|Any CPU.Build.0 = Debug|Any CPU
		{2664DB60-5B51-4949-9F38-94CD5F839AF4}.Release|Any CPU.ActiveCfg = Release|Any CPU
		{2664DB60-5B51-4949-9F38-94CD5F839AF4}.Release|Any CPU.Build.0 = Release|Any CPU
		{282B8B0E-6614-4ACB-9726-DCF9A7D07C4E}.Debug|Any CPU.ActiveCfg = Debug|Any CPU
		{282B8B0E-6614-4ACB-9726-DCF9A7D07C4E}.Debug|Any CPU.Build.0 = Debug|Any CPU
		{282B8B0E-6614-4ACB-9726-DCF9A7D07C4E}.Release|Any CPU.ActiveCfg = Release|Any CPU
		{282B8B0E-6614-4ACB-9726-DCF9A7D07C4E}.Release|Any CPU.Build.0 = Release|Any CPU
	EndGlobalSection
	GlobalSection(SolutionProperties) = preSolution
		HideSolutionNode = FALSE
	EndGlobalSection
	GlobalSection(NestedProjects) = preSolution
		{337AB43C-7C18-4AD5-B6A3-C3B2D9A7EE3C} = {7D4F6804-D820-46F2-962D-AFCC6E54DFF5}
		{364C5556-E9D5-4DF1-A502-6273595B6585} = {7D4F6804-D820-46F2-962D-AFCC6E54DFF5}
		{2664DB60-5B51-4949-9F38-94CD5F839AF4} = {7D4F6804-D820-46F2-962D-AFCC6E54DFF5}
		{282B8B0E-6614-4ACB-9726-DCF9A7D07C4E} = {33592F0C-4AA0-4E8E-9892-17288C2A6D7F}
	EndGlobalSection
	GlobalSection(ExtensibilityGlobals) = postSolution
		SolutionGuid = {AFE3EFA5-3002-4C6D-A6D1-97A27551DA5F}
	EndGlobalSection
EndGlobal
